<Solution>
    <Project Path="src/NightHeaven.Core/NightHeaven.Core.csproj" />
    <Project Path="src/NightHeaven.Hosting/NightHeaven.Hosting.csproj" />
    <Project Path="src/NightHeaven.Network.UO/NightHeaven.Network.UO.csproj" />
    <Project Path="src/NightHeaven.Network/NightHeaven.Network.csproj" />
    <Project Path="src/NightHeaven.Server/NightHeaven.Server.csproj" />
    <Project Path="tests/NightHeaven.Tests/NightHeaven.Tests.csproj" />
</Solution>
